version = 1
revision = 3
requires-python = ">=3.12"

[[package]]
name = "adafruit-blinka"
version = "8.69.0"
source = { registry = "https://pypi.org/simple" }
dependencies = [
    { name = "adafruit-circuitpython-typing" },
    { name = "adafruit-platformdetect" },
    { name = "adafruit-pureio" },
    { name = "binho-host-adapter" },
    { name = "pyftdi" },
    { name = "sysv-ipc", marker = "platform_machine != 'mips' and sys_platform == 'linux'" },
]
sdist = { url = "https://files.pythonhosted.org/packages/a5/72/3d9c217874691b1a1008b47158e0f33d704d131a30289a31d5f65c71fe21/adafruit_blinka-8.69.0.tar.gz", hash = "sha256:1096116a8d9149ef05766aad724858a6eaeed15e89fc3cd2a895a9e4a9025680", size = 924284, upload-time = "2025-12-31T17:42:29.363Z" }
wheels = [
    { url = "https://files.pythonhosted.org/packages/43/74/053afa705397c473aaf92111fc6add99b0c9603663cd9c874d303bcb7c53/adafruit_blinka-8.69.0-py3-none-any.whl", hash = "sha256:49fa034e0600b84d50530ddc47f41e61a0ed185655cd13ed1db0f5ff7bbc5569", size = 1055980, upload-time = "2025-12-31T17:42:27.289Z" },
]

[[package]]
name = "adafruit-blinka-displayio"
version = "2.3.1"
source = { registry = "https://pypi.org/simple" }
dependencies = [
    { name = "adafruit-blinka" },
    { name = "adafruit-circuitpython-bitmap-font" },
    { name = "adafruit-circuitpython-typing" },
]
sdist = { url = "https://files.pythonhosted.org/packages/1f/55/4f19e17f26a09dab5612cd90fdff072d7d3ed997af5415c46bb80c9dabd6/adafruit_blinka_displayio-2.3.1.tar.gz", hash = "sha256:cef052c81d8e60f325e62c1bf06933b76c91336d900c3411899ba32d75735da1", size = 90013, upload-time = "2025-06-30T16:55:15.589Z" }
wheels = [
    { url = "https://files.pythonhosted.org/packages/94/15/78cdbdd80a3428d1bc181c69c9cace75b03b91cdcc7793270a6662245c50/adafruit_blinka_displayio-2.3.1-py3-none-any.whl", hash = "sha256:092c4740cfb6e068fcd2b6efd439f791f39b46e1ba86a9679bb1b8b943212b9a", size = 83402, upload-time = "2025-06-30T16:55:14.201Z" },
]

[[package]]
name = "adafruit-circuitpython-bitmap-font"
version = "2.3.3"
source = { registry = "https://pypi.org/simple" }
dependencies = [
    { name = "adafruit-blinka" },
    { name = "adafruit-blinka-displayio" },
]
sdist = { url = "https://files.pythonhosted.org/packages/b5/90/3a7babc2ff6ff955a6c7ba99acf770b193a40e3ee10c5eda0d7134e1203d/adafruit_circuitpython_bitmap_font-2.3.3.tar.gz", hash = "sha256:3d36bc1fe83497a92c6d2a3cd9756f34e57a687cd057a73c6db2cb2dca4bc951", size = 843383, upload-time = "2026-01-21T14:55:53.009Z" }
wheels = [
    { url = "https://files.pythonhosted.org/packages/17/9e/5261e15d4e03e072f4fafa22e7623f5e37e36ddaf30a4059f691e1f47c7f/adafruit_circuitpython_bitmap_font-2.3.3-py3-none-any.whl", hash = "sha256:b305ce28a557e2057d5f7d023414d8b03f98700b2c75fc51365829ab02a62de0", size = 15817, upload-time = "2026-01-21T14:55:52.138Z" },
]

[[package]]
name = "adafruit-circuitpython-bmp280"
version = "3.3.9"
source = { registry = "https://pypi.org/simple" }
dependencies = [
    { name = "adafruit-blinka" },
    { name = "adafruit-circuitpython-busdevice" },
    { name = "adafruit-circuitpython-register" },
]
sdist = { url = "https://files.pythonhosted.org/packages/d6/21/bfe7ff0ef5fe0704b7b4efdbfc1e2fc6de65627fd4314dbb0e63b0ac21b6/adafruit_circuitpython_bmp280-3.3.9.tar.gz", hash = "sha256:5cf3f80dbd314ef5c9db6096d9932895dc5577be40354f1d6887518aab935a87", size = 27602, upload-time = "2025-10-20T16:38:34.315Z" }
wheels = [
    { url = "https://files.pythonhosted.org/packages/c1/53/3009f1c837ccb2febb1cbed156fab93f7ced2a52996989d87916c8ca7988/adafruit_circuitpython_bmp280-3.3.9-py3-none-any.whl", hash = "sha256:afcf7e43c9de92a6adf43041e130c5c93ff62808cb2abe6517ad80c0e1f09d13", size = 8591, upload-time = "2025-10-20T16:38:33.416Z" },
]

[[package]]
name = "adafruit-circuitpython-busdevice"
version = "5.2.15"
source = { registry = "https://pypi.org/simple" }
dependencies = [
    { name = "adafruit-blinka" },
    { name = "adafruit-circuitpython-typing" },
]
sdist = { url = "https://files.pythonhosted.org/packages/f8/97/f715e5171de12dfe169a3d182400295f83fe9257d48f0160e2683525633e/adafruit_circuitpython_busdevice-5.2.15.tar.gz", hash = "sha256:87a25bf558f1bb8662980af9a2857a53de898942a7b4ab58e16e9ea77cb59f59", size = 24426, upload-time = "2026-01-07T17:48:05.273Z" }
wheels = [
    { url = "https://files.pythonhosted.org/packages/ea/f0/1fa08d3a5daed6924aea2536e33a6cec1c4d92e9993917b317d72d10db03/adafruit_circuitpython_busdevice-5.2.15-py3-none-any.whl", hash = "sha256:4d2b3c4f6c90fe2ef158c506e48972560f4f26c4f3faa51125123c146d4d5748", size = 7503, upload-time = "2026-01-07T17:48:03.873Z" },
]

[[package]]
name = "adafruit-circuitpython-connectionmanager"
version = "3.1.6"
source = { registry = "https://pypi.org/simple" }
dependencies = [
    { name = "adafruit-blinka" },
]
sdist = { url = "https://files.pythonhosted.org/packages/bc/82/69ca5ef604b0513a5f85a583d255b2d0c48042592842dfbc955b610cf3b6/adafruit_circuitpython_connectionmanager-3.1.6.tar.gz", hash = "sha256:daa41f7675533fbb451c0f522c894911dd003f67b26f0e7be832f2e240ba28b4", size = 33798, upload-time = "2025-10-20T20:38:47.369Z" }
wheels = [
    { url = "https://files.pythonhosted.org/packages/6e/9e/174bff10a4ff6f74973ee6da43e7b715b07e34426cf4e71d625a7f96e1e5/adafruit_circuitpython_connectionmanager-3.1.6-py3-none-any.whl", hash = "sha256:83c7eafa294fc6e889076d1ba8a7ff902e29d062977d3602078b1594868b7042", size = 7768, upload-time = "2025-10-20T20:38:45.959Z" },
]

[[package]]
name = "adafruit-circuitpython-display-shapes"
version = "2.10.4"
source = { registry = "https://pypi.org/simple" }
dependencies = [
    { name = "adafruit-blinka" },
]
sdist = { url = "https://files.pythonhosted.org/packages/ca/d6/829659521b18e206aa1e6a268447f779d356e7767c764b887b9627b2a1f3/adafruit_circuitpython_display_shapes-2.10.4.tar.gz", hash = "sha256:f5998c2eb763bd8bc08e0cd5ddcd4491ef5d2a26785c0a88bb0ad206dc0332af", size = 36724, upload-time = "2025-06-17T16:33:55.402Z" }
wheels = [
    { url = "https://files.pythonhosted.org/packages/b7/40/addbb11722c16a3c98275675cb3edf426ef3006cf0b056c17f1af0b4021e/adafruit_circuitpython_display_shapes-2.10.4-py3-none-any.whl", hash = "sha256:c030ac6d971a9c7e445f639fd1c920edf0c1331925dab71e0ed67c275a2d012a", size = 20980, upload-time = "2025-06-17T16:33:53.634Z" },
]

[[package]]
name = "adafruit-circuitpython-display-text"
version = "4.0.2"
source = { registry = "https://pypi.org/simple" }
dependencies = [
    { name = "adafruit-blinka" },
    { name = "adafruit-blinka-displayio" },
    { name = "adafruit-circuitpython-bitmap-font" },
    { name = "adafruit-circuitpython-ticks" },
]
sdist = { url = "https://files.pythonhosted.org/packages/c7/4a/4a648afafa1247acd82d8e0079263afb388577c4b75d4dad04577b05e993/adafruit_circuitpython_display_text-4.0.2.tar.gz", hash = "sha256:6db1b67bfab4bfb39cdf9a0761b1fe91acc39a23413d4ebc5ba4381ac71965bb", size = 85509, upload-time = "2025-12-17T19:32:57.665Z" }
wheels = [
    { url = "https://files.pythonhosted.org/packages/18/af/bc34ea28195f4a3fd4e4186d2319e53fc4c2089a4d3c6773ee0829213d6b/adafruit_circuitpython_display_text-4.0.2-py3-none-any.whl", hash = "sha256:5cc304da98d51b9bdb4c9c74c626a31a32826178d18a50f872015c5e45941ed4", size = 27144, upload-time = "2025-12-17T19:32:56.378Z" },
]

[[package]]
name = "adafruit-circuitpython-dotstar"
version = "2.2.19"
source = { registry = "https://pypi.org/simple" }
dependencies = [
    { name = "adafruit-blinka" },
    { name = "adafruit-circuitpython-pixelbuf" },
    { name = "adafruit-circuitpython-typing" },
]
sdist = { url = "https://files.pythonhosted.org/packages/b8/93/24033ffe11bb5dfbe7cb6ab4f2058ace95a1f7d3e765b96e0847bcd03df9/adafruit_circuitpython_dotstar-2.2.19.tar.gz", hash = "sha256:53d9bee6197df6003afde24fe210413f989b4789f71474c99dbe1ee1756fead3", size = 32431, upload-time = "2025-10-20T16:39:49.424Z" }
wheels = [
    { url = "https://files.pythonhosted.org/packages/8a/9b/6b14c7ea421d5e5afb932d29c5d2628527c54502fa19ec4df43a118e908e/adafruit_circuitpython_dotstar-2.2.19-py3-none-any.whl", hash = "sha256:9a49080b2e849dcd8b8de23b152d13cb20d162265cd128e1990641c34fe2ffec", size = 6147, upload-time = "2025-10-20T16:39:48.555Z" },
]

[[package]]
name = "adafruit-circuitpython-httpserver"
version = "4.7.1"
source = { registry = "https://pypi.org/simple" }
dependencies = [
    { name = "adafruit-blinka" },
]
sdist = { url = "https://files.pythonhosted.org/packages/bc/41/12709478483e9cd6082fd0536256a6b8c53ab0683d23fca9a756a803214f/adafruit_circuitpython_httpserver-4.7.1.tar.gz", hash = "sha256:50c2a3cf53e0631abce38d52186d7daaaa7ee6f42966bf779fa0bc75c5b78cb5", size = 62638, upload-time = "2025-10-20T20:38:42.476Z" }
wheels = [
    { url = "https://files.pythonhosted.org/packages/8c/4e/aea783598b02d20c87aaf0e6d0a82a525b30e8b40af7ad40c651215095ee/adafruit_circuitpython_httpserver-4.7.1-py3-none-any.whl", hash = "sha256:ae146db08ddcebbdd4d3ceba4badd5a24ce77b7fd87cccf4f9cd806f51708ee8", size = 32873, upload-time = "2025-10-20T20:38:41.349Z" },
]

[[package]]
name = "adafruit-circuitpython-motor"
version = "3.4.18"
source = { registry = "https://pypi.org/simple" }
dependencies = [
    { name = "adafruit-blinka" },
    { name = "adafruit-circuitpython-typing" },
]
sdist = { url = "https://files.pythonhosted.org/packages/3e/ae/03ecf070598d85027711307dabf1489c15c20f7c889e8e6f2fbcb60a2957/adafruit_circuitpython_motor-3.4.18.tar.gz", hash = "sha256:ab33975e7180cb89640debed431c2c86ba8496c4d5438e2f8bee5779549101ca", size = 31017, upload-time = "2025-10-20T20:40:27.433Z" }
wheels = [
    { url = "https://files.pythonhosted.org/packages/3b/0d/b1ac24da0e14be5906ecf580e3717bb034aa1a68389e22dc95567eb7983e/adafruit_circuitpython_motor-3.4.18-py3-none-any.whl", hash = "sha256:4b50e36b8508bc392269d258c8079ec49e768e13a61223f4cb9fb0139c5a0fdb", size = 10944, upload-time = "2025-10-20T20:40:26.473Z" },
]

[[package]]
name = "adafruit-circuitpython-pixelbuf"
version = "2.0.10"
source = { registry = "https://pypi.org/simple" }
dependencies = [
    { name = "adafruit-blinka" },
]
sdist = { url = "https://files.pythonhosted.org/packages/87/1e/1662a9c023affdc2e8a3f5c47dc5c4288955d4741164747d5250202bca24/adafruit_circuitpython_pixelbuf-2.0.10.tar.gz", hash = "sha256:19b78183b5773fa4a81eb8fc1458b9feb8178884864abd7c6676db2765e26ed3", size = 24751, upload-time = "2025-10-20T20:47:22.825Z" }
wheels = [
    { url = "https://files.pythonhosted.org/packages/c9/21/dd68e21e08b7c361dc220f77732c1dbd2082773ceae00058915c06e4e707/adafruit_circuitpython_pixelbuf-2.0.10-py3-none-any.whl", hash = "sha256:16af5527ad8cbd8fe6cfe4e99893470c8980f2d75022e4cc67fc87b7cf0b29ff", size = 6991, upload-time = "2025-10-20T20:47:22.041Z" },
]

[[package]]
name = "adafruit-circuitpython-register"
version = "1.11.1"
source = { registry = "https://pypi.org/simple" }
dependencies = [
    { name = "adafruit-blinka" },
    { name = "adafruit-circuitpython-busdevice" },
    { name = "adafruit-circuitpython-typing" },
    { name = "typing-extensions" },
]
sdist = { url = "https://files.pythonhosted.org/packages/f2/14/dde5accb99a72460f750037373b9df9a06d9f6915c0891433ca09b26a1a5/adafruit_circuitpython_register-1.11.1.tar.gz", hash = "sha256:45c6b6de5e65efe584375ea1bd6964866dab0d5e5b52ede49e906abd28876989", size = 31668, upload-time = "2025-10-20T20:46:55.559Z" }
wheels = [
    { url = "https://files.pythonhosted.org/packages/96/b0/a847f66cbd60c9222fb2b16ebb6277d9e48e1cd5f3282835e4e84785ea28/adafruit_circuitpython_register-1.11.1-py3-none-any.whl", hash = "sha256:40b792f149a28f047c46a7c280313ad8384d75439354737ab1e88f107a2251f6", size = 19015, upload-time = "2025-10-20T20:46:54.671Z" },
]

[[package]]
name = "adafruit-circuitpython-requests"
version = "4.1.15"
source = { registry = "https://pypi.org/simple" }
dependencies = [
    { name = "adafruit-blinka" },
    { name = "adafruit-circuitpython-connectionmanager" },
]
sdist = { url = "https://files.pythonhosted.org/packages/f5/ae/ec54c3e224a012d620997604fdd6abdbff1b945df3b4aef43d780fd1d5c3/adafruit_circuitpython_requests-4.1.15.tar.gz", hash = "sha256:409cb1c9304a0ce0a4b2f64d572400007849f6972f92a4b08ebfe35a532761e7", size = 67841, upload-time = "2025-11-03T21:32:59.201Z" }
wheels = [
    { url = "https://files.pythonhosted.org/packages/14/58/76a9805ff64d84a39463ac6eeb9c780becfc8ff58a93c5ace9244d56e442/adafruit_circuitpython_requests-4.1.15-py3-none-any.whl", hash = "sha256:62c6e44d23e8dfdc24f1f33464953019a9d88853b29fa471ac00200d4fa3e8ff", size = 10882, upload-time = "2025-11-03T21:32:57.915Z" },
]

[[package]]
name = "adafruit-circuitpython-rgb-display"
version = "3.14.3"
source = { registry = "https://pypi.org/simple" }
dependencies = [
    { name = "adafruit-blinka" },
    { name = "adafruit-circuitpython-busdevice" },
]
sdist = { url = "https://files.pythonhosted.org/packages/5e/c7/0bfdbfb1ec7e5e2cf5a1f8cb02c16b95c1791e5ed627ca2dfc66eadb5bfa/adafruit_circuitpython_rgb_display-3.14.3.tar.gz", hash = "sha256:cba91582e3b856d1a7c2473329a93b821517ec22e129a25098fdfa8174251c9c", size = 40622, upload-time = "2025-10-20T20:10:06.005Z" }
wheels = [
    { url = "https://files.pythonhosted.org/packages/8f/bb/ae702e6838fe9d82d83e702f421924eb053282976b77b52c408088af0ae9/adafruit_circuitpython_rgb_display-3.14.3-py3-none-any.whl", hash = "sha256:72244229a4da2f49bb3b95febcf12e5ddb8d169bb02d1b9f1483d050fe2cd228", size = 21924, upload-time = "2025-10-20T20:10:04.423Z" },
]

[[package]]
name = "adafruit-circuitpython-st7789"
version = "2.1.3"
source = { registry = "https://pypi.org/simple" }
dependencies = [
    { name = "adafruit-blinka" },
    { name = "adafruit-blinka-displayio" },
]
sdist = { url = "https://files.pythonhosted.org/packages/65/75/2d4a78e673d4d277e9fb2b4c282e1b6e2c7be85fc772ae0f61f72d056507/adafruit_circuitpython_st7789-2.1.3.tar.gz", hash = "sha256:ca5d90e880feff7047010b4c6cd9bd2bed2db9167021ba6915c8a9b7892b2541", size = 25509, upload-time = "2025-10-20T20:28:16.275Z" }
wheels = [
    { url = "https://files.pythonhosted.org/packages/a2/97/8932e8676c573e795b2d5810d6d2f02c513681945574e8fae19d247e6d27/adafruit_circuitpython_st7789-2.1.3-py3-none-any.whl", hash = "sha256:014c6f5466c691c232c97eb88a91dc90bf5e169f36af2f49a908771f4b74cfe9", size = 4739, upload-time = "2025-10-20T20:28:15.235Z" },
]

[[package]]
name = "adafruit-circuitpython-ticks"
version = "1.1.5"
source = { registry = "https://pypi.org/simple" }
dependencies = [
    { name = "adafruit-blinka" },
]
sdist = { url = "https://files.pythonhosted.org/packages/c3/97/04f9604ddebe82e08a5a3aa69540a0de3733bbb504db5733f053e10eee78/adafruit_circuitpython_ticks-1.1.5.tar.gz", hash = "sha256:7e7524c50675cb45c8b055716551d4e914f855cff96eb248c7759d721d13867d", size = 23254, upload-time = "2025-10-20T20:47:03.897Z" }
wheels = [
    { url = "https://files.pythonhosted.org/packages/66/1c/671fd6e3e1b04ab6966a6cd83c0fcf13663cc1b1b8c0a304337015a31223/adafruit_circuitpython_ticks-1.1.5-py3-none-any.whl", hash = "sha256:8c1fa227beb96aa659b20859a63c0e736022d10f7d25160d2f44f5284eb9fab4", size = 5413, upload-time = "2025-10-20T20:47:02.178Z" },
]

[[package]]
name = "adafruit-circuitpython-typing"
version = "1.12.3"
source = { registry = "https://pypi.org/simple" }
dependencies = [
    { name = "adafruit-blinka" },
    { name = "adafruit-circuitpython-busdevice" },
    { name = "adafruit-circuitpython-requests" },
    { name = "typing-extensions" },
]
sdist = { url = "https://files.pythonhosted.org/packages/65/a2/40a3440aed2375371507af668570b68523ee01db9c25c47ce5a05883170e/adafruit_circuitpython_typing-1.12.3.tar.gz", hash = "sha256:63f196f834e47842bcd4cf8c37aaa0c61e1aeb5d07f056c875fc3016cda91a12", size = 25603, upload-time = "2025-10-27T18:17:38.56Z" }
wheels = [
    { url = "https://files.pythonhosted.org/packages/cc/a1/578a03ba2bce0809b4e30974b47958963c9efe67b9fe74e7dbcdbbd45318/adafruit_circuitpython_typing-1.12.3-py3-none-any.whl", hash = "sha256:f6d0a02150e1e4efb5a2c2945b88d948809fdb465875f39947108b8467c986d9", size = 11014, upload-time = "2025-10-27T18:17:37.771Z" },
]

[[package]]
name = "adafruit-platformdetect"
version = "3.87.0"
source = { registry = "https://pypi.org/simple" }
sdist = { url = "https://files.pythonhosted.org/packages/68/2f/ba7f6ce68efef16f23437186c9364b36db630ed5d24ff25949f07b0e62c2/adafruit_platformdetect-3.87.0.tar.gz", hash = "sha256:4549211a04f1c9d48220292105ebd585a1580d83536727be8ce2e21f0c811486", size = 49357, upload-time = "2026-02-01T03:32:36.198Z" }
wheels = [
    { url = "https://files.pythonhosted.org/packages/bc/39/d1fb0a42dd37e676c87a9d056d6742e9e42948c32f118bcfb5a2d986f7a5/adafruit_platformdetect-3.87.0-py3-none-any.whl", hash = "sha256:339db4a9bd2ea172fca6254b32fbade0be446e8b902d1d669756b9600cdfd7ec", size = 26782, upload-time = "2026-02-01T03:32:35.144Z" },
]

[[package]]
name = "adafruit-pureio"
version = "1.1.11"
source = { registry = "https://pypi.org/simple" }
sdist = { url = "https://files.pythonhosted.org/packages/e5/b7/f1672435116822079bbdab42163f9e6424769b7db778873d95d18c085230/Adafruit_PureIO-1.1.11.tar.gz", hash = "sha256:c4cfbb365731942d1f1092a116f47dfdae0aef18c5b27f1072b5824ad5ea8c7c", size = 35511, upload-time = "2023-05-25T19:01:34.654Z" }
wheels = [
    { url = "https://files.pythonhosted.org/packages/19/9d/28e9d12f36e13c5f2acba3098187b0e931290ecd1d8df924391b5ad2db19/Adafruit_PureIO-1.1.11-py3-none-any.whl", hash = "sha256:281ab2099372cc0decc26326918996cbf21b8eed694ec4764d51eefa029d324e", size = 10678, upload-time = "2023-05-25T19:01:32.397Z" },
]

[[package]]
name = "binho-host-adapter"
version = "0.1.6"
source = { registry = "https://pypi.org/simple" }
dependencies = [
    { name = "pyserial" },
]
sdist = { url = "https://files.pythonhosted.org/packages/68/36/29b7b896e83e195fac6d64ccff95c0f24a18ee86e7437a22e60e0331d90a/binho-host-adapter-0.1.6.tar.gz", hash = "sha256:1e6da7a84e208c13b5f489066f05774bff1d593d0f5bf1ca149c2b8e83eae856", size = 10068, upload-time = "2020-06-04T19:38:11.789Z" }
wheels = [
    { url = "https://files.pythonhosted.org/packages/7b/6b/0f13486003aea3eb349c2946b7ec9753e7558b78e35d22c938062a96959c/binho_host_adapter-0.1.6-py3-none-any.whl", hash = "sha256:f71ca176c1e2fc1a5dce128beb286da217555c6c7c805f2ed282a6f3507ec277", size = 10540, upload-time = "2020-06-04T19:38:10.612Z" },
]

[[package]]
name = "braincrafthmi"
version = "0.1.0"
source = { editable = "." }
dependencies = [
    { name = "adafruit-blinka" },
    { name = "adafruit-circuitpython-bmp280" },
    { name = "adafruit-circuitpython-display-shapes" },
    { name = "adafruit-circuitpython-display-text" },
    { name = "adafruit-circuitpython-dotstar" },
    { name = "adafruit-circuitpython-httpserver" },
    { name = "adafruit-circuitpython-motor" },
    { name = "adafruit-circuitpython-rgb-display" },
    { name = "adafruit-circuitpython-st7789" },
    { name = "lgpio" },
]

[package.metadata]
requires-dist = [
    { name = "adafruit-blinka", specifier = ">=8.69.0" },
    { name = "adafruit-circuitpython-bmp280", specifier = ">=3.3.9" },
    { name = "adafruit-circuitpython-display-shapes", specifier = ">=2.10.4" },
    { name = "adafruit-circuitpython-display-text", specifier = ">=4.0.2" },
    { name = "adafruit-circuitpython-dotstar", specifier = ">=2.2.19" },
    { name = "adafruit-circuitpython-httpserver", specifier = ">=4.7.1" },
    { name = "adafruit-circuitpython-motor", specifier = ">=3.4.18" },
    { name = "adafruit-circuitpython-rgb-display", specifier = ">=3.14.3" },
    { name = "adafruit-circuitpython-st7789", specifier = ">=2.1.3" },
    { name = "lgpio", specifier = ">=0.2.2.0" },
]

[[package]]
name = "lgpio"
version = "0.2.2.0"
source = { registry = "https://pypi.org/simple" }
sdist = { url = "https://files.pythonhosted.org/packages/56/33/26ec2e8049eaa2f077bf23a12dc61ca559fbfa7bea0516bf263d657ae275/lgpio-0.2.2.0.tar.gz", hash = "sha256:11372e653b200f76a0b3ef8a23a0735c85ec678a9f8550b9893151ed0f863fff", size = 90087, upload-time = "2024-03-29T21:59:55.901Z" }
wheels = [
    { url = "https://files.pythonhosted.org/packages/fe/73/e56c9afb845df53492d42bdea01df9895272bccfdd5128f34719c3a07990/lgpio-0.2.2.0-cp312-cp312-linux_armv7l.whl", hash = "sha256:6c65ac42e878764d04a71ed12fe6d46089b36e9e8127722bf29bb2e4bc91de22", size = 383956, upload-time = "2024-03-29T22:00:47.315Z" },
    { url = "https://files.pythonhosted.org/packages/3b/1c/becd00f66d2c65feed9a668ff9d91732394cb6baba7bec505d55de0e30c9/lgpio-0.2.2.0-cp312-cp312-manylinux_2_34_aarch64.whl", hash = "sha256:d907db79292c721c605af08187385ddb3b7af09907e1ffca56cf0cd6558ace0a", size = 366058, upload-time = "2024-04-01T22:49:47.615Z" },
    { url = "https://files.pythonhosted.org/packages/4c/7a/e3b4e5225c9792c4092b2cc07504746acbe62d0a8e4cb023bdf65f6430cf/lgpio-0.2.2.0-cp312-cp312-manylinux_2_34_x86_64.whl", hash = "sha256:2aadff092f642fcdada8457c158f87259dfda3a89ec19bae0b99ff22b34aac4b", size = 372103, upload-time = "2024-04-13T14:08:16.351Z" },
]

[[package]]
name = "pyftdi"
version = "0.57.1"
source = { registry = "https://pypi.org/simple" }
dependencies = [
    { name = "pyserial" },
    { name = "pyusb" },
]
wheels = [
    { url = "https://files.pythonhosted.org/packages/16/cd/0731490946e037e954ef83719f07c7672cf32bc90dd9c75201c40b827664/pyftdi-0.57.1-py3-none-any.whl", hash = "sha256:efd3f5a7d43202dc883ff261a7b1cb4dcbbe65b19628f8603a8b1183a7bc2841", size = 146180, upload-time = "2025-08-14T15:59:16.164Z" },
]

[[package]]
name = "pyserial"
version = "3.5"
source = { registry = "https://pypi.org/simple" }
sdist = { url = "https://files.pythonhosted.org/packages/1e/7d/ae3f0a63f41e4d2f6cb66a5b57197850f919f59e558159a4dd3a818f5082/pyserial-3.5.tar.gz", hash = "sha256:3c77e014170dfffbd816e6ffc205e9842efb10be9f58ec16d3e8675b4925cddb", size = 159125, upload-time = "2020-11-23T03:59:15.045Z" }
wheels = [
    { url = "https://files.pythonhosted.org/packages/07/bc/587a445451b253b285629263eb51c2d8e9bcea4fc97826266d186f96f558/pyserial-3.5-py2.py3-none-any.whl", hash = "sha256:c4451db6ba391ca6ca299fb3ec7bae67a5c55dde170964c7a14ceefec02f2cf0", size = 90585, upload-time = "2020-11-23T03:59:13.41Z" },
]

[[package]]
name = "pyusb"
version = "1.3.1"
source = { registry = "https://pypi.org/simple" }
sdist = { url = "https://files.pythonhosted.org/packages/00/6b/ce3727395e52b7b76dfcf0c665e37d223b680b9becc60710d4bc08b7b7cb/pyusb-1.3.1.tar.gz", hash = "sha256:3af070b607467c1c164f49d5b0caabe8ac78dbed9298d703a8dbf9df4052d17e", size = 77281, upload-time = "2025-01-08T23:45:01.866Z" }
wheels = [
    { url = "https://files.pythonhosted.org/packages/28/b8/27e6312e86408a44fe16bd28ee12dd98608b39f7e7e57884a24e8f29b573/pyusb-1.3.1-py3-none-any.whl", hash = "sha256:bf9b754557af4717fe80c2b07cc2b923a9151f5c08d17bdb5345dac09d6a0430", size = 58465, upload-time = "2025-01-08T23:45:00.029Z" },
]

[[package]]
name = "sysv-ipc"
version = "1.2.0"
source = { registry = "https://pypi.org/simple" }
sdist = { url = "https://files.pythonhosted.org/packages/f2/5e/59208c6dd05ebc6f46ce2023c4fc01ffe814a1967d21b35d312c7e6ffeae/sysv_ipc-1.2.0.tar.gz", hash = "sha256:ef96ab33bb62e4d14142f0be0524dcc0c3c70c96442df2fc773c67b7c7514199", size = 102810, upload-time = "2026-01-09T14:05:02.231Z" }
wheels = [
    { url = "https://files.pythonhosted.org/packages/e7/98/b35eba27297a886931d69352c171cfd53ea9b4a9097d282f80556046bc39/sysv_ipc-1.2.0-cp312-cp312-manylinux2014_aarch64.manylinux_2_17_aarch64.manylinux_2_28_aarch64.whl", hash = "sha256:eb8cea6b912b467083941032f4b38269d86d1ec8f2dec0ca39694fedf6fd9acd", size = 72257, upload-time = "2026-01-09T14:04:23.289Z" },
    { url = "https://files.pythonhosted.org/packages/5d/6f/906724d4ca94cc5c0a6c419ed0ec2a0b64b41de6771590ebf9db59cc97db/sysv_ipc-1.2.0-cp312-cp312-manylinux2014_x86_64.manylinux_2_17_x86_64.manylinux_2_28_x86_64.whl", hash = "sha256:48865de17c9354a6c7740c47dc4d13f409afe43e4fc350b56df3ca5c10c1462d", size = 73309, upload-time = "2026-01-09T14:04:24.421Z" },
    { url = "https://files.pythonhosted.org/packages/ea/3a/818d7634f31484e35ffee1b018287a0007e24a98709d06ecc544e7c7cba8/sysv_ipc-1.2.0-cp312-cp312-musllinux_1_2_aarch64.whl", hash = "sha256:f69c30545a3280b4b7f2057fd3aedb7044e45894314752241802e697a00b5413", size = 70955, upload-time = "2026-01-09T14:04:25.172Z" },
    { url = "https://files.pythonhosted.org/packages/1b/80/e3881c84573206563191d8c13711382dc22bf54a7ae4d09d099271cf3703/sysv_ipc-1.2.0-cp312-cp312-musllinux_1_2_x86_64.whl", hash = "sha256:a000180848b59508bd862215998ee70c4cd4cd3081b0b066068e9287645cda35", size = 71223, upload-time = "2026-01-09T14:04:26.061Z" },
    { url = "https://files.pythonhosted.org/packages/a2/2d/2e4f55201cca54666c08468538348be4af16a52c7296bdd038a303e7be9f/sysv_ipc-1.2.0-cp313-cp313-manylinux2014_aarch64.manylinux_2_17_aarch64.manylinux_2_28_aarch64.whl", hash = "sha256:977f0e313c2e663000f0c316682ea2c3f6d2f86bbbdb1bcd274fea244a211df0", size = 72727, upload-time = "2026-01-09T14:04:28.317Z" },
    { url = "https://files.pythonhosted.org/packages/d0/6a/e04914984503317dd2481d6ff5fa9ab85e70960b79514309b0bcb0ef08d8/sysv_ipc-1.2.0-cp313-cp313-manylinux2014_x86_64.manylinux_2_17_x86_64.manylinux_2_28_x86_64.whl", hash = "sha256:f0b40e147277a954c41f94207dfab402bfa8371198c191b826d833b40c5e83e9", size = 73643, upload-time = "2026-01-09T14:04:29.234Z" },
    { url = "https://files.pythonhosted.org/packages/54/46/6f9aacbbf4c71ddce08f645bd67fa4223573a3191fd938acc926ca2b94c4/sysv_ipc-1.2.0-cp313-cp313-musllinux_1_2_aarch64.whl", hash = "sha256:83ff789f67477dc09424f674e1eb9195d8edd9b4044c3d5833d1a252d49034fc", size = 71319, upload-time = "2026-01-09T14:04:30.059Z" },
    { url = "https://files.pythonhosted.org/packages/34/21/0127cb9ecbc281c5b5a79d4be7a61e2d35442f72baaa1594e089dbe9206a/sysv_ipc-1.2.0-cp313-cp313-musllinux_1_2_x86_64.whl", hash = "sha256:fc541299c3af8351abff804e287a0c203338c140f70ee70855f46a1710cc0ff7", size = 71575, upload-time = "2026-01-09T14:04:32.011Z" },
    { url = "https://files.pythonhosted.org/packages/e4/a5/1d0f4a95ba040987266af995eb973f2d469fa61452cc925a8ff95401927f/sysv_ipc-1.2.0-cp314-cp314-manylinux2014_aarch64.manylinux_2_17_aarch64.manylinux_2_28_aarch64.whl", hash = "sha256:7dcdda15a2ead282545d007bd4fb5bfff844d2ac2b2f4a2b52ddcb2a38953968", size = 73168, upload-time = "2026-01-09T14:04:35.49Z" },
    { url = "https://files.pythonhosted.org/packages/8e/7a/25d2a8a7bde7165a0260d06e83a57ecfe8668802f31ffea47620cfcb56eb/sysv_ipc-1.2.0-cp314-cp314-manylinux2014_x86_64.manylinux_2_17_x86_64.manylinux_2_28_x86_64.whl", hash = "sha256:9c5bf97ac00370159973c17a29224ae6f277757cee704abd61be1ce5bfaf78b0", size = 74039, upload-time = "2026-01-09T14:04:36.709Z" },
    { url = "https://files.pythonhosted.org/packages/8f/77/2be88d40d24a780f56ca74ff01802f8cb548a1def4c50da7094720fcd41c/sysv_ipc-1.2.0-cp314-cp314-musllinux_1_2_aarch64.whl", hash = "sha256:201e18f6f32bd6542e0886668699c16ddcdcc37105b2643c2c50a044f22e437f", size = 72237, upload-time = "2026-01-09T14:04:37.729Z" },
    { url = "https://files.pythonhosted.org/packages/2f/04/b7657691f0274bd22fb66fc772e567c78dffb96f6943cbb16352e20b55a1/sysv_ipc-1.2.0-cp314-cp314-musllinux_1_2_x86_64.whl", hash = "sha256:4daecc8fae2a6335ed56095d19a3bda96e551ea78781cd53abda94cfe37b6cfe", size = 72400, upload-time = "2026-01-09T14:04:38.55Z" },
    { url = "https://files.pythonhosted.org/packages/cc/61/ff85f043f507d4d9d5a84411dfd18f8f896dc3f77d29f5f4f6ee1d48ec9c/sysv_ipc-1.2.0-cp314-cp314t-manylinux2014_aarch64.manylinux_2_17_aarch64.manylinux_2_28_aarch64.whl", hash = "sha256:17f8b31c09ed94d0fa95d64720426344e2ae5a06691a8f076ef3909145877958", size = 76984, upload-time = "2026-01-09T14:04:41.32Z" },
    { url = "https://files.pythonhosted.org/packages/ff/39/02d900a035c674c6e4edb263ea0061c0fa8389ad9a2270150dc2a1fee476/sysv_ipc-1.2.0-cp314-cp314t-manylinux2014_x86_64.manylinux_2_17_x86_64.manylinux_2_28_x86_64.whl", hash = "sha256:acd083316d0c5b2e7fb5b7a5db6ad8fb2400ea4ca3d1813692acd93656a51f79", size = 77179, upload-time = "2026-01-09T14:04:42.65Z" },
    { url = "https://files.pythonhosted.org/packages/46/5a/d269d9aca6f2eda908c58a244488bcca751004c8f954742fd8aadf2e0a6d/sysv_ipc-1.2.0-cp314-cp314t-musllinux_1_2_aarch64.whl", hash = "sha256:3eb7b8f8b577ec0fbde890f86c6f9dc365f3012b02e4e275a350427621df80ad", size = 75959, upload-time = "2026-01-09T14:04:43.569Z" },
    { url = "https://files.pythonhosted.org/packages/8d/13/a49595e0056dc607e7530b946c7b62f11ec514822c40d54d94287e534e9d/sysv_ipc-1.2.0-cp314-cp314t-musllinux_1_2_x86_64.whl", hash = "sha256:a65e64577082b109d49bd68db8facb6f3a08ddbbde4b76c87b1246490922ef2a", size = 75679, upload-time = "2026-01-09T14:04:44.4Z" },
]

[[package]]
name = "typing-extensions"
version = "4.15.0"
source = { registry = "https://pypi.org/simple" }
sdist = { url = "https://files.pythonhosted.org/packages/72/94/1a15dd82efb362ac84269196e94cf00f187f7ed21c242792a923cdb1c61f/typing_extensions-4.15.0.tar.gz", hash = "sha256:0cea48d173cc12fa28ecabc3b837ea3cf6f38c6d1136f85cbaaf598984861466", size = 109391, upload-time = "2025-08-25T13:49:26.313Z" }
wheels = [
    { url = "https://files.pythonhosted.org/packages/18/67/36e9267722cc04a6b9f15c7f3441c2363321a3ea07da7ae0c0707beb2a9c/typing_extensions-4.15.0-py3-none-any.whl", hash = "sha256:f0fa19c6845758ab08074a0cfa8b7aecb71c999ca73d62883bc25cc018c4e548", size = 44614, upload-time = "2025-08-25T13:49:24.86Z" },
]
